
Microsoft Visual Studio Solution File, Format Version 12.00
# Visual Studio Version 17
VisualStudioVersion = 17.11.35125.118
MinimumVisualStudioVersion = 10.0.40219.1
Project("{FAE04EC0-301F-11D3-BF4B-00C04F79EFBC}") = "FerroCorte", "FerroCorte\FerroCorte.csproj", "{C16807CC-6DBF-4D2C-AE93-7B77BC4DCB3F}"
EndProject
Global
	GlobalSection(SolutionConfigurationPlatforms) = preSolution
		Debug|Any CPU = Debug|Any CPU
		Release|Any CPU = Release|Any CPU
	EndGlobalSection
	GlobalSection(ProjectConfigurationPlatforms) = postSolution
		{C16807CC-6DBF-4D2C-AE93-7B77BC4DCB3F}.Debug|Any CPU.ActiveCfg = Debug|Any CPU
		{C16807CC-6DBF-4D2C-AE93-7B77BC4DCB3F}.Debug|Any CPU.Build.0 = Debug|Any CPU
		{C16807CC-6DBF-4D2C-AE93-7B77BC4DCB3F}.Release|Any CPU.ActiveCfg = Release|Any CPU
		{C16807CC-6DBF-4D2C-AE93-7B77BC4DCB3F}.Release|Any CPU.Build.0 = Release|Any CPU
	EndGlobalSection
	GlobalSection(SolutionProperties) = preSolution
		HideSolutionNode = FALSE
	EndGlobalSection
	GlobalSection(ExtensibilityGlobals) = postSolution
		SolutionGuid = {78B2C57F-40FE-4363-BF45-36E19A6BA326}
	EndGlobalSection
EndGlobal
